
Microsoft Visual Studio Solution File, Format Version 12.00
Project("{FAE04EC0-301F-11D3-BF4B-00C04F79EFBC}") = "TestTask_A2_Parser", "TestTask_A2_Parser\TestTask_A2_Parser.csproj", "{AC9A0F3F-E793-4B19-A4A2-9A96599C9B02}"
EndProject
Project("{FAE04EC0-301F-11D3-BF4B-00C04F79EFBC}") = "Data", "Data\Data.csproj", "{28004DC7-A2C1-4388-87D7-B138D116C5A8}"
EndProject
Project("{FAE04EC0-301F-11D3-BF4B-00C04F79EFBC}") = "Shared", "Shared\Shared.csproj", "{96F25AFE-E14F-4D91-BAAD-E6BC6A339357}"
EndProject
Global
	GlobalSection(SolutionConfigurationPlatforms) = preSolution
		Debug|Any CPU = Debug|Any CPU
		Release|Any CPU = Release|Any CPU
	EndGlobalSection
	GlobalSection(ProjectConfigurationPlatforms) = postSolution
		{AC9A0F3F-E793-4B19-A4A2-9A96599C9B02}.Debug|Any CPU.ActiveCfg = Debug|Any CPU
		{AC9A0F3F-E793-4B19-A4A2-9A96599C9B02}.Debug|Any CPU.Build.0 = Debug|Any CPU
		{AC9A0F3F-E793-4B19-A4A2-9A96599C9B02}.Release|Any CPU.ActiveCfg = Release|Any CPU
		{AC9A0F3F-E793-4B19-A4A2-9A96599C9B02}.Release|Any CPU.Build.0 = Release|Any CPU
		{28004DC7-A2C1-4388-87D7-B138D116C5A8}.Debug|Any CPU.ActiveCfg = Debug|Any CPU
		{28004DC7-A2C1-4388-87D7-B138D116C5A8}.Debug|Any CPU.Build.0 = Debug|Any CPU
		{28004DC7-A2C1-4388-87D7-B138D116C5A8}.Release|Any CPU.ActiveCfg = Release|Any CPU
		{28004DC7-A2C1-4388-87D7-B138D116C5A8}.Release|Any CPU.Build.0 = Release|Any CPU
		{96F25AFE-E14F-4D91-BAAD-E6BC6A339357}.Debug|Any CPU.ActiveCfg = Debug|Any CPU
		{96F25AFE-E14F-4D91-BAAD-E6BC6A339357}.Debug|Any CPU.Build.0 = Debug|Any CPU
		{96F25AFE-E14F-4D91-BAAD-E6BC6A339357}.Release|Any CPU.ActiveCfg = Release|Any CPU
		{96F25AFE-E14F-4D91-BAAD-E6BC6A339357}.Release|Any CPU.Build.0 = Release|Any CPU
	EndGlobalSection
EndGlobal
